
Microsoft Visual Studio Solution File, Format Version 12.00
# Visual Studio Version 17
VisualStudioVersion = 17.2.32616.157
MinimumVisualStudioVersion = 10.0.40219.1
Project("{FAE04EC0-301F-11D3-BF4B-00C04F79EFBC}") = "RotatingSquare", "RotatingSquare.csproj", "{9474C51E-3A93-44C3-95B7-1AB5CF916E97}"
EndProject
Global
	GlobalSection(SolutionConfigurationPlatforms) = preSolution
		Debug|Any CPU = Debug|Any CPU
		Release|Any CPU = Release|Any CPU
	EndGlobalSection
	GlobalSection(ProjectConfigurationPlatforms) = postSolution
		{9474C51E-3A93-44C3-95B7-1AB5CF916E97}.Debug|Any CPU.ActiveCfg = Debug|Any CPU
		{9474C51E-3A93-44C3-95B7-1AB5CF916E97}.Debug|Any CPU.Build.0 = Debug|Any CPU
		{9474C51E-3A93-44C3-95B7-1AB5CF916E97}.Release|Any CPU.ActiveCfg = Release|Any CPU
		{9474C51E-3A93-44C3-95B7-1AB5CF916E97}.Release|Any CPU.Build.0 = Release|Any CPU
	EndGlobalSection
	GlobalSection(SolutionProperties) = preSolution
		HideSolutionNode = FALSE
	EndGlobalSection
	GlobalSection(ExtensibilityGlobals) = postSolution
		SolutionGuid = {677467B0-7D6B-4BE8-8558-6AA0E64BDA8C}
	EndGlobalSection
EndGlobal
